
Microsoft Visual Studio Solution File, Format Version 12.00
# Visual Studio Version 16
VisualStudioVersion = 16.0.30309.148
MinimumVisualStudioVersion = 10.0.40219.1
Project("{FAE04EC0-301F-11D3-BF4B-00C04F79EFBC}") = "WebApplicationmonPremierApp", "WebApplicationmonPremierApp\WebApplicationmonPremierApp.csproj", "{CE7726EF-57E9-4334-A57F-9CA8FD9F5C1D}"
EndProject
Global
	GlobalSection(SolutionConfigurationPlatforms) = preSolution
		Debug|Any CPU = Debug|Any CPU
		Release|Any CPU = Release|Any CPU
	EndGlobalSection
	GlobalSection(ProjectConfigurationPlatforms) = postSolution
		{CE7726EF-57E9-4334-A57F-9CA8FD9F5C1D}.Debug|Any CPU.ActiveCfg = Debug|Any CPU
		{CE7726EF-57E9-4334-A57F-9CA8FD9F5C1D}.Debug|Any CPU.Build.0 = Debug|Any CPU
		{CE7726EF-57E9-4334-A57F-9CA8FD9F5C1D}.Release|Any CPU.ActiveCfg = Release|Any CPU
		{CE7726EF-57E9-4334-A57F-9CA8FD9F5C1D}.Release|Any CPU.Build.0 = Release|Any CPU
	EndGlobalSection
	GlobalSection(SolutionProperties) = preSolution
		HideSolutionNode = FALSE
	EndGlobalSection
	GlobalSection(ExtensibilityGlobals) = postSolution
		SolutionGuid = {E37F2B6B-91B8-4FE0-B6BE-DB822FCFEB96}
	EndGlobalSection
EndGlobal
